// !$*UTF8*$!
{
	archiveVersion = 1;
	classes = {
	};
	objectVersion = 55;
	objects = {

/* Begin PBXBuildFile section */
		0D4CFED8F3041EAF5B7D2B76 /* Pods_final_project.framework in Frameworks */ = {isa = PBXBuildFile; fileRef = F0214F0762896CD751C69C75 /* Pods_final_project.framework */; };
		2ADD1E8327F656F600AE7128 /* ManagerObjectContext.swift in Sources */ = {isa = PBXBuildFile; fileRef = 2ADD1E8227F656F600AE7128 /* ManagerObjectContext.swift */; };
		2ADD1E8527F658F000AE7128 /* CoreData.framework in Frameworks */ = {isa = PBXBuildFile; fileRef = 2ADD1E8427F658F000AE7128 /* CoreData.framework */; };
		2ADD1E8727F79FAA00AE7128 /* Repository.swift in Sources */ = {isa = PBXBuildFile; fileRef = 2ADD1E8627F79FAA00AE7128 /* Repository.swift */; };
		346891CC27ED3692001D45DB /* GitHub.swift in Sources */ = {isa = PBXBuildFile; fileRef = 346891CB27ED3692001D45DB /* GitHub.swift */; };
		349AC3CF27F28FA7002E19DD /* RepoDetailsController.swift in Sources */ = {isa = PBXBuildFile; fileRef = 349AC3CE27F28FA7002E19DD /* RepoDetailsController.swift */; };
		349AC3D427F353A5002E19DD /* Extensions.swift in Sources */ = {isa = PBXBuildFile; fileRef = 349AC3D327F353A5002E19DD /* Extensions.swift */; };
		349AC3D627F39F65002E19DD /* Developers.swift in Sources */ = {isa = PBXBuildFile; fileRef = 349AC3D527F39F65002E19DD /* Developers.swift */; };
		349AC3D827F3DB09002E19DD /* Utilities.swift in Sources */ = {isa = PBXBuildFile; fileRef = 349AC3D727F3DB09002E19DD /* Utilities.swift */; };
		34F3D1C727EE21EF00B768A1 /* FetchGitHubServices.swift in Sources */ = {isa = PBXBuildFile; fileRef = 34F3D1C627EE21EF00B768A1 /* FetchGitHubServices.swift */; };
		34F3D1CA27EE222F00B768A1 /* FetchGitHubProtocol.swift in Sources */ = {isa = PBXBuildFile; fileRef = 34F3D1C927EE222F00B768A1 /* FetchGitHubProtocol.swift */; };
		34F3D1CC27EE26C300B768A1 /* CustomTableViewCell.swift in Sources */ = {isa = PBXBuildFile; fileRef = 34F3D1CB27EE26C300B768A1 /* CustomTableViewCell.swift */; };
		48C6CE2A27F281FC00FD7BBB /* MainTabBar.swift in Sources */ = {isa = PBXBuildFile; fileRef = 48C6CE2927F281FC00FD7BBB /* MainTabBar.swift */; };
		48C6CE2C27F2835F00FD7BBB /* FavoritesController.swift in Sources */ = {isa = PBXBuildFile; fileRef = 48C6CE2B27F2835F00FD7BBB /* FavoritesController.swift */; };
		48C6CE2E27F2836A00FD7BBB /* SquadController.swift in Sources */ = {isa = PBXBuildFile; fileRef = 48C6CE2D27F2836A00FD7BBB /* SquadController.swift */; };
		4A620DA227FCDE8F0082899A /* Phone.swift in Sources */ = {isa = PBXBuildFile; fileRef = 4A620DA127FCDE8F0082899A /* Phone.swift */; };
		9F69A3F927ED32A6006517E5 /* AppDelegate.swift in Sources */ = {isa = PBXBuildFile; fileRef = 9F69A3F827ED32A6006517E5 /* AppDelegate.swift */; };
		9F69A3FB27ED32A6006517E5 /* SceneDelegate.swift in Sources */ = {isa = PBXBuildFile; fileRef = 9F69A3FA27ED32A6006517E5 /* SceneDelegate.swift */; };
		9F69A3FD27ED32A6006517E5 /* HomeController.swift in Sources */ = {isa = PBXBuildFile; fileRef = 9F69A3FC27ED32A6006517E5 /* HomeController.swift */; };
		9F69A40327ED32A6006517E5 /* final_project.xcdatamodeld in Sources */ = {isa = PBXBuildFile; fileRef = 9F69A40127ED32A6006517E5 /* final_project.xcdatamodeld */; };
		9F69A40527ED32A8006517E5 /* Assets.xcassets in Resources */ = {isa = PBXBuildFile; fileRef = 9F69A40427ED32A8006517E5 /* Assets.xcassets */; };
		9F69A40827ED32A8006517E5 /* LaunchScreen.storyboard in Resources */ = {isa = PBXBuildFile; fileRef = 9F69A40627ED32A8006517E5 /* LaunchScreen.storyboard */; };
		9FF6E16927F2881100820C26 /* CustomTableViewUserDevelopersCell.swift in Sources */ = {isa = PBXBuildFile; fileRef = 9FF6E16827F2881100820C26 /* CustomTableViewUserDevelopersCell.swift */; };
		9FF6E16B27F2885A00820C26 /* DevelopersDetilsController.swift in Sources */ = {isa = PBXBuildFile; fileRef = 9FF6E16A27F2885A00820C26 /* DevelopersDetilsController.swift */; };
/* End PBXBuildFile section */

/* Begin PBXFileReference section */
		1C97FB43670A09F0271FF125 /* Pods-final-project.debug.xcconfig */ = {isa = PBXFileReference; includeInIndex = 1; lastKnownFileType = text.xcconfig; name = "Pods-final-project.debug.xcconfig"; path = "Target Support Files/Pods-final-project/Pods-final-project.debug.xcconfig"; sourceTree = "<group>"; };
		2ADD1E8227F656F600AE7128 /* ManagerObjectContext.swift */ = {isa = PBXFileReference; lastKnownFileType = sourcecode.swift; path = ManagerObjectContext.swift; sourceTree = "<group>"; };
		2ADD1E8427F658F000AE7128 /* CoreData.framework */ = {isa = PBXFileReference; lastKnownFileType = wrapper.framework; name = CoreData.framework; path = System/Library/Frameworks/CoreData.framework; sourceTree = SDKROOT; };
		2ADD1E8627F79FAA00AE7128 /* Repository.swift */ = {isa = PBXFileReference; lastKnownFileType = sourcecode.swift; path = Repository.swift; sourceTree = "<group>"; };
		346891CB27ED3692001D45DB /* GitHub.swift */ = {isa = PBXFileReference; lastKnownFileType = sourcecode.swift; path = GitHub.swift; sourceTree = "<group>"; };
		349AC3CE27F28FA7002E19DD /* RepoDetailsController.swift */ = {isa = PBXFileReference; lastKnownFileType = sourcecode.swift; path = RepoDetailsController.swift; sourceTree = "<group>"; };
		349AC3D327F353A5002E19DD /* Extensions.swift */ = {isa = PBXFileReference; lastKnownFileType = sourcecode.swift; path = Extensions.swift; sourceTree = "<group>"; };
		349AC3D527F39F65002E19DD /* Developers.swift */ = {isa = PBXFileReference; lastKnownFileType = sourcecode.swift; path = Developers.swift; sourceTree = "<group>"; };
		349AC3D727F3DB09002E19DD /* Utilities.swift */ = {isa = PBXFileReference; lastKnownFileType = sourcecode.swift; path = Utilities.swift; sourceTree = "<group>"; };
		34F3D1C627EE21EF00B768A1 /* FetchGitHubServices.swift */ = {isa = PBXFileReference; lastKnownFileType = sourcecode.swift; path = FetchGitHubServices.swift; sourceTree = "<group>"; };
		34F3D1C927EE222F00B768A1 /* FetchGitHubProtocol.swift */ = {isa = PBXFileReference; lastKnownFileType = sourcecode.swift; path = FetchGitHubProtocol.swift; sourceTree = "<group>"; };
		34F3D1CB27EE26C300B768A1 /* CustomTableViewCell.swift */ = {isa = PBXFileReference; lastKnownFileType = sourcecode.swift; path = CustomTableViewCell.swift; sourceTree = "<group>"; };
		48C6CE2927F281FC00FD7BBB /* MainTabBar.swift */ = {isa = PBXFileReference; lastKnownFileType = sourcecode.swift; path = MainTabBar.swift; sourceTree = "<group>"; };
		48C6CE2B27F2835F00FD7BBB /* FavoritesController.swift */ = {isa = PBXFileReference; lastKnownFileType = sourcecode.swift; path = FavoritesController.swift; sourceTree = "<group>"; };
		48C6CE2D27F2836A00FD7BBB /* SquadController.swift */ = {isa = PBXFileReference; lastKnownFileType = sourcecode.swift; path = SquadController.swift; sourceTree = "<group>"; };
		4A620DA127FCDE8F0082899A /* Phone.swift */ = {isa = PBXFileReference; lastKnownFileType = sourcecode.swift; path = Phone.swift; sourceTree = "<group>"; };
		9F69A3F527ED32A6006517E5 /* final-project.app */ = {isa = PBXFileReference; explicitFileType = wrapper.application; includeInIndex = 0; path = "final-project.app"; sourceTree = BUILT_PRODUCTS_DIR; };
		9F69A3F827ED32A6006517E5 /* AppDelegate.swift */ = {isa = PBXFileReference; lastKnownFileType = sourcecode.swift; path = AppDelegate.swift; sourceTree = "<group>"; };
		9F69A3FA27ED32A6006517E5 /* SceneDelegate.swift */ = {isa = PBXFileReference; lastKnownFileType = sourcecode.swift; path = SceneDelegate.swift; sourceTree = "<group>"; };
		9F69A3FC27ED32A6006517E5 /* HomeController.swift */ = {isa = PBXFileReference; lastKnownFileType = sourcecode.swift; path = HomeController.swift; sourceTree = "<group>"; };
		9F69A40227ED32A6006517E5 /* final_project.xcdatamodel */ = {isa = PBXFileReference; lastKnownFileType = wrapper.xcdatamodel; path = final_project.xcdatamodel; sourceTree = "<group>"; };
		9F69A40427ED32A8006517E5 /* Assets.xcassets */ = {isa = PBXFileReference; lastKnownFileType = folder.assetcatalog; path = Assets.xcassets; sourceTree = "<group>"; };
		9F69A40727ED32A8006517E5 /* Base */ = {isa = PBXFileReference; lastKnownFileType = file.storyboard; name = Base; path = Base.lproj/LaunchScreen.storyboard; sourceTree = "<group>"; };
		9F69A40927ED32A8006517E5 /* Info.plist */ = {isa = PBXFileReference; lastKnownFileType = text.plist.xml; path = Info.plist; sourceTree = "<group>"; };
		9FF6E16827F2881100820C26 /* CustomTableViewUserDevelopersCell.swift */ = {isa = PBXFileReference; lastKnownFileType = sourcecode.swift; path = CustomTableViewUserDevelopersCell.swift; sourceTree = "<group>"; };
		9FF6E16A27F2885A00820C26 /* DevelopersDetilsController.swift */ = {isa = PBXFileReference; lastKnownFileType = sourcecode.swift; path = DevelopersDetilsController.swift; sourceTree = "<group>"; };
		F0214F0762896CD751C69C75 /* Pods_final_project.framework */ = {isa = PBXFileReference; explicitFileType = wrapper.framework; includeInIndex = 0; path = Pods_final_project.framework; sourceTree = BUILT_PRODUCTS_DIR; };
		FAF3282D7BBB5822420D2B18 /* Pods-final-project.release.xcconfig */ = {isa = PBXFileReference; includeInIndex = 1; lastKnownFileType = text.xcconfig; name = "Pods-final-project.release.xcconfig"; path = "Target Support Files/Pods-final-project/Pods-final-project.release.xcconfig"; sourceTree = "<group>"; };
/* End PBXFileReference section */

/* Begin PBXFrameworksBuildPhase section */
		9F69A3F227ED32A6006517E5 /* Frameworks */ = {
			isa = PBXFrameworksBuildPhase;
			buildActionMask = 2147483647;
			files = (
				0D4CFED8F3041EAF5B7D2B76 /* Pods_final_project.framework in Frameworks */,
				2ADD1E8527F658F000AE7128 /* CoreData.framework in Frameworks */,
			);
			runOnlyForDeploymentPostprocessing = 0;
		};
/* End PBXFrameworksBuildPhase section */

/* Begin PBXGroup section */
		2ADD1E8127F6566F00AE7128 /* Data */ = {
			isa = PBXGroup;
			children = (
				2ADD1E8227F656F600AE7128 /* ManagerObjectContext.swift */,
			);
			path = Data;
			sourceTree = "<group>";
		};
		346891CA27ED3629001D45DB /* Models */ = {
			isa = PBXGroup;
			children = (
				346891CB27ED3692001D45DB /* GitHub.swift */,
				349AC3D527F39F65002E19DD /* Developers.swift */,
				2ADD1E8627F79FAA00AE7128 /* Repository.swift */,
			);
			path = Models;
			sourceTree = "<group>";
		};
		346891CD27EE0B4B001D45DB /* Services */ = {
			isa = PBXGroup;
			children = (
				34F3D1C627EE21EF00B768A1 /* FetchGitHubServices.swift */,
			);
			path = Services;
			sourceTree = "<group>";
		};
		349AC3D027F3530D002E19DD /* Utils */ = {
			isa = PBXGroup;
			children = (
				349AC3D327F353A5002E19DD /* Extensions.swift */,
				349AC3D727F3DB09002E19DD /* Utilities.swift */,
				4A620DA127FCDE8F0082899A /* Phone.swift */,
			);
			path = Utils;
			sourceTree = "<group>";
		};
		34F3D1C827EE220C00B768A1 /* Protocols */ = {
			isa = PBXGroup;
			children = (
				34F3D1C927EE222F00B768A1 /* FetchGitHubProtocol.swift */,
			);
			path = Protocols;
			sourceTree = "<group>";
		};
		3FCFCC9D80AD38F5A6B653E8 /* Frameworks */ = {
			isa = PBXGroup;
			children = (
				2ADD1E8427F658F000AE7128 /* CoreData.framework */,
				F0214F0762896CD751C69C75 /* Pods_final_project.framework */,
			);
			name = Frameworks;
			sourceTree = "<group>";
		};
		48C6CE2827F281C200FD7BBB /* Controllers */ = {
			isa = PBXGroup;
			children = (
				9FF6E16727F287E000820C26 /* CustomCells */,
				48C6CE2927F281FC00FD7BBB /* MainTabBar.swift */,
				9F69A3FC27ED32A6006517E5 /* HomeController.swift */,
				48C6CE2B27F2835F00FD7BBB /* FavoritesController.swift */,
				48C6CE2D27F2836A00FD7BBB /* SquadController.swift */,
				9FF6E16A27F2885A00820C26 /* DevelopersDetilsController.swift */,
				349AC3CE27F28FA7002E19DD /* RepoDetailsController.swift */,
			);
			path = Controllers;
			sourceTree = "<group>";
		};
		9F69A3EC27ED32A6006517E5 = {
			isa = PBXGroup;
			children = (
				9F69A3F727ED32A6006517E5 /* final-project */,
				9F69A3F627ED32A6006517E5 /* Products */,
				D9596A6DA3DEAF11E490AC28 /* Pods */,
				3FCFCC9D80AD38F5A6B653E8 /* Frameworks */,
			);
			sourceTree = "<group>";
		};
		9F69A3F627ED32A6006517E5 /* Products */ = {
			isa = PBXGroup;
			children = (
				9F69A3F527ED32A6006517E5 /* final-project.app */,
			);
			name = Products;
			sourceTree = "<group>";
		};
		9F69A3F727ED32A6006517E5 /* final-project */ = {
			isa = PBXGroup;
			children = (
				349AC3D027F3530D002E19DD /* Utils */,
				2ADD1E8127F6566F00AE7128 /* Data */,
				48C6CE2827F281C200FD7BBB /* Controllers */,
				34F3D1C827EE220C00B768A1 /* Protocols */,
				346891CD27EE0B4B001D45DB /* Services */,
				346891CA27ED3629001D45DB /* Models */,
				9F69A3F827ED32A6006517E5 /* AppDelegate.swift */,
				9F69A3FA27ED32A6006517E5 /* SceneDelegate.swift */,
				9F69A40427ED32A8006517E5 /* Assets.xcassets */,
				9F69A40627ED32A8006517E5 /* LaunchScreen.storyboard */,
				9F69A40927ED32A8006517E5 /* Info.plist */,
				9F69A40127ED32A6006517E5 /* final_project.xcdatamodeld */,
			);
			path = "final-project";
			sourceTree = "<group>";
		};
		9FF6E16727F287E000820C26 /* CustomCells */ = {
			isa = PBXGroup;
			children = (
				34F3D1CB27EE26C300B768A1 /* CustomTableViewCell.swift */,
				9FF6E16827F2881100820C26 /* CustomTableViewUserDevelopersCell.swift */,
			);
			path = CustomCells;
			sourceTree = "<group>";
		};
		D9596A6DA3DEAF11E490AC28 /* Pods */ = {
			isa = PBXGroup;
			children = (
				1C97FB43670A09F0271FF125 /* Pods-final-project.debug.xcconfig */,
				FAF3282D7BBB5822420D2B18 /* Pods-final-project.release.xcconfig */,
			);
			path = Pods;
			sourceTree = "<group>";
		};
/* End PBXGroup section */

/* Begin PBXNativeTarget section */
		9F69A3F427ED32A6006517E5 /* final-project */ = {
			isa = PBXNativeTarget;
			buildConfigurationList = 9F69A40C27ED32A8006517E5 /* Build configuration list for PBXNativeTarget "final-project" */;
			buildPhases = (
				D46BA60A112165DA971940F1 /* [CP] Check Pods Manifest.lock */,
				9F69A3F127ED32A6006517E5 /* Sources */,
				9F69A3F227ED32A6006517E5 /* Frameworks */,
				9F69A3F327ED32A6006517E5 /* Resources */,
				C828DD0D7845B033DBD45A65 /* [CP] Embed Pods Frameworks */,
			);
			buildRules = (
			);
			dependencies = (
			);
			name = "final-project";
			productName = "final-project";
			productReference = 9F69A3F527ED32A6006517E5 /* final-project.app */;
			productType = "com.apple.product-type.application";
		};
/* End PBXNativeTarget section */

/* Begin PBXProject section */
		9F69A3ED27ED32A6006517E5 /* Project object */ = {
			isa = PBXProject;
			attributes = {
				BuildIndependentTargetsInParallel = 1;
				LastSwiftUpdateCheck = 1330;
				LastUpgradeCheck = 1330;
				TargetAttributes = {
					9F69A3F427ED32A6006517E5 = {
						CreatedOnToolsVersion = 13.3;
					};
				};
			};
			buildConfigurationList = 9F69A3F027ED32A6006517E5 /* Build configuration list for PBXProject "final-project" */;
			compatibilityVersion = "Xcode 13.0";
			developmentRegion = en;
			hasScannedForEncodings = 0;
			knownRegions = (
				en,
				Base,
			);
			mainGroup = 9F69A3EC27ED32A6006517E5;
			productRefGroup = 9F69A3F627ED32A6006517E5 /* Products */;
			projectDirPath = "";
			projectRoot = "";
			targets = (
				9F69A3F427ED32A6006517E5 /* final-project */,
			);
		};
/* End PBXProject section */

/* Begin PBXResourcesBuildPhase section */
		9F69A3F327ED32A6006517E5 /* Resources */ = {
			isa = PBXResourcesBuildPhase;
			buildActionMask = 2147483647;
			files = (
				9F69A40827ED32A8006517E5 /* LaunchScreen.storyboard in Resources */,
				9F69A40527ED32A8006517E5 /* Assets.xcassets in Resources */,
			);
			runOnlyForDeploymentPostprocessing = 0;
		};
/* End PBXResourcesBuildPhase section */

/* Begin PBXShellScriptBuildPhase section */
		C828DD0D7845B033DBD45A65 /* [CP] Embed Pods Frameworks */ = {
			isa = PBXShellScriptBuildPhase;
			buildActionMask = 2147483647;
			files = (
			);
			inputFileListPaths = (
				"${PODS_ROOT}/Target Support Files/Pods-final-project/Pods-final-project-frameworks-${CONFIGURATION}-input-files.xcfilelist",
			);
			name = "[CP] Embed Pods Frameworks";
			outputFileListPaths = (
				"${PODS_ROOT}/Target Support Files/Pods-final-project/Pods-final-project-frameworks-${CONFIGURATION}-output-files.xcfilelist",
			);
			runOnlyForDeploymentPostprocessing = 0;
			shellPath = /bin/sh;
			shellScript = "\"${PODS_ROOT}/Target Support Files/Pods-final-project/Pods-final-project-frameworks.sh\"\n";
			showEnvVarsInLog = 0;
		};
		D46BA60A112165DA971940F1 /* [CP] Check Pods Manifest.lock */ = {
			isa = PBXShellScriptBuildPhase;
			buildActionMask = 2147483647;
			files = (
			);
			inputFileListPaths = (
			);
			inputPaths = (
				"${PODS_PODFILE_DIR_PATH}/Podfile.lock",
				"${PODS_ROOT}/Manifest.lock",
			);
			name = "[CP] Check Pods Manifest.lock";
			outputFileListPaths = (
			);
			outputPaths = (
				"$(DERIVED_FILE_DIR)/Pods-final-project-checkManifestLockResult.txt",
			);
			runOnlyForDeploymentPostprocessing = 0;
			shellPath = /bin/sh;
			shellScript = "diff \"${PODS_PODFILE_DIR_PATH}/Podfile.lock\" \"${PODS_ROOT}/Manifest.lock\" > /dev/null\nif [ $? != 0 ] ; then\n    # print error to STDERR\n    echo \"error: The sandbox is not in sync with the Podfile.lock. Run 'pod install' or update your CocoaPods installation.\" >&2\n    exit 1\nfi\n# This output is used by Xcode 'outputs' to avoid re-running this script phase.\necho \"SUCCESS\" > \"${SCRIPT_OUTPUT_FILE_0}\"\n";
			showEnvVarsInLog = 0;
		};
/* End PBXShellScriptBuildPhase section */

/* Begin PBXSourcesBuildPhase section */
		9F69A3F127ED32A6006517E5 /* Sources */ = {
			isa = PBXSourcesBuildPhase;
			buildActionMask = 2147483647;
			files = (
				4A620DA227FCDE8F0082899A /* Phone.swift in Sources */,
				349AC3CF27F28FA7002E19DD /* RepoDetailsController.swift in Sources */,
				48C6CE2A27F281FC00FD7BBB /* MainTabBar.swift in Sources */,
				2ADD1E8727F79FAA00AE7128 /* Repository.swift in Sources */,
				346891CC27ED3692001D45DB /* GitHub.swift in Sources */,
				34F3D1CA27EE222F00B768A1 /* FetchGitHubProtocol.swift in Sources */,
				349AC3D627F39F65002E19DD /* Developers.swift in Sources */,
				9FF6E16B27F2885A00820C26 /* DevelopersDetilsController.swift in Sources */,
				34F3D1CC27EE26C300B768A1 /* CustomTableViewCell.swift in Sources */,
				9FF6E16927F2881100820C26 /* CustomTableViewUserDevelopersCell.swift in Sources */,
				9F69A3FD27ED32A6006517E5 /* HomeController.swift in Sources */,
				9F69A3F927ED32A6006517E5 /* AppDelegate.swift in Sources */,
				349AC3D827F3DB09002E19DD /* Utilities.swift in Sources */,
				9F69A40327ED32A6006517E5 /* final_project.xcdatamodeld in Sources */,
				349AC3D427F353A5002E19DD /* Extensions.swift in Sources */,
				9F69A3FB27ED32A6006517E5 /* SceneDelegate.swift in Sources */,
				2ADD1E8327F656F600AE7128 /* ManagerObjectContext.swift in Sources */,
				48C6CE2C27F2835F00FD7BBB /* FavoritesController.swift in Sources */,
				48C6CE2E27F2836A00FD7BBB /* SquadController.swift in Sources */,
				34F3D1C727EE21EF00B768A1 /* FetchGitHubServices.swift in Sources */,
			);
			runOnlyForDeploymentPostprocessing = 0;
		};
/* End PBXSourcesBuildPhase section */

/* Begin PBXVariantGroup section */
		9F69A40627ED32A8006517E5 /* LaunchScreen.storyboard */ = {
			isa = PBXVariantGroup;
			children = (
				9F69A40727ED32A8006517E5 /* Base */,
			);
			name = LaunchScreen.storyboard;
			sourceTree = "<group>";
		};
/* End PBXVariantGroup section */

/* Begin XCBuildConfiguration section */
		9F69A40A27ED32A8006517E5 /* Debug */ = {
			isa = XCBuildConfiguration;
			buildSettings = {
				ALWAYS_SEARCH_USER_PATHS = NO;
				CLANG_ANALYZER_NONNULL = YES;
				CLANG_ANALYZER_NUMBER_OBJECT_CONVERSION = YES_AGGRESSIVE;
				CLANG_CXX_LANGUAGE_STANDARD = "gnu++17";
				CLANG_ENABLE_MODULES = YES;
				CLANG_ENABLE_OBJC_ARC = YES;
				CLANG_ENABLE_OBJC_WEAK = YES;
				CLANG_WARN_BLOCK_CAPTURE_AUTORELEASING = YES;
				CLANG_WARN_BOOL_CONVERSION = YES;
				CLANG_WARN_COMMA = YES;
				CLANG_WARN_CONSTANT_CONVERSION = YES;
				CLANG_WARN_DEPRECATED_OBJC_IMPLEMENTATIONS = YES;
				CLANG_WARN_DIRECT_OBJC_ISA_USAGE = YES_ERROR;
				CLANG_WARN_DOCUMENTATION_COMMENTS = YES;
				CLANG_WARN_EMPTY_BODY = YES;
				CLANG_WARN_ENUM_CONVERSION = YES;
				CLANG_WARN_INFINITE_RECURSION = YES;
				CLANG_WARN_INT_CONVERSION = YES;
				CLANG_WARN_NON_LITERAL_NULL_CONVERSION = YES;
				CLANG_WARN_OBJC_IMPLICIT_RETAIN_SELF = YES;
				CLANG_WARN_OBJC_LITERAL_CONVERSION = YES;
				CLANG_WARN_OBJC_ROOT_CLASS = YES_ERROR;
				CLANG_WARN_QUOTED_INCLUDE_IN_FRAMEWORK_HEADER = YES;
				CLANG_WARN_RANGE_LOOP_ANALYSIS = YES;
				CLANG_WARN_STRICT_PROTOTYPES = YES;
				CLANG_WARN_SUSPICIOUS_MOVE = YES;
				CLANG_WARN_UNGUARDED_AVAILABILITY = YES_AGGRESSIVE;
				CLANG_WARN_UNREACHABLE_CODE = YES;
				CLANG_WARN__DUPLICATE_METHOD_MATCH = YES;
				COPY_PHASE_STRIP = NO;
				DEBUG_INFORMATION_FORMAT = dwarf;
				ENABLE_STRICT_OBJC_MSGSEND = YES;
				ENABLE_TESTABILITY = YES;
				GCC_C_LANGUAGE_STANDARD = gnu11;
				GCC_DYNAMIC_NO_PIC = NO;
				GCC_NO_COMMON_BLOCKS = YES;
				GCC_OPTIMIZATION_LEVEL = 0;
				GCC_PREPROCESSOR_DEFINITIONS = (
					"DEBUG=1",
					"$(inherited)",
				);
				GCC_WARN_64_TO_32_BIT_CONVERSION = YES;
				GCC_WARN_ABOUT_RETURN_TYPE = YES_ERROR;
				GCC_WARN_UNDECLARED_SELECTOR = YES;
				GCC_WARN_UNINITIALIZED_AUTOS = YES_AGGRESSIVE;
				GCC_WARN_UNUSED_FUNCTION = YES;
				GCC_WARN_UNUSED_VARIABLE = YES;
				IPHONEOS_DEPLOYMENT_TARGET = 15.4;
				MTL_ENABLE_DEBUG_INFO = INCLUDE_SOURCE;
				MTL_FAST_MATH = YES;
				ONLY_ACTIVE_ARCH = YES;
				SDKROOT = iphoneos;
				SWIFT_ACTIVE_COMPILATION_CONDITIONS = DEBUG;
				SWIFT_OPTIMIZATION_LEVEL = "-Onone";
			};
			name = Debug;
		};
		9F69A40B27ED32A8006517E5 /* Release */ = {
			isa = XCBuildConfiguration;
			buildSettings = {
				ALWAYS_SEARCH_USER_PATHS = NO;
				CLANG_ANALYZER_NONNULL = YES;
				CLANG_ANALYZER_NUMBER_OBJECT_CONVERSION = YES_AGGRESSIVE;
				CLANG_CXX_LANGUAGE_STANDARD = "gnu++17";
				CLANG_ENABLE_MODULES = YES;
				CLANG_ENABLE_OBJC_ARC = YES;
				CLANG_ENABLE_OBJC_WEAK = YES;
				CLANG_WARN_BLOCK_CAPTURE_AUTORELEASING = YES;
				CLANG_WARN_BOOL_CONVERSION = YES;
				CLANG_WARN_COMMA = YES;
				CLANG_WARN_CONSTANT_CONVERSION = YES;
				CLANG_WARN_DEPRECATED_OBJC_IMPLEMENTATIONS = YES;
				CLANG_WARN_DIRECT_OBJC_ISA_USAGE = YES_ERROR;
				CLANG_WARN_DOCUMENTATION_COMMENTS = YES;
				CLANG_WARN_EMPTY_BODY = YES;
				CLANG_WARN_ENUM_CONVERSION = YES;
				CLANG_WARN_INFINITE_RECURSION = YES;
				CLANG_WARN_INT_CONVERSION = YES;
				CLANG_WARN_NON_LITERAL_NULL_CONVERSION = YES;
				CLANG_WARN_OBJC_IMPLICIT_RETAIN_SELF = YES;
				CLANG_WARN_OBJC_LITERAL_CONVERSION = YES;
				CLANG_WARN_OBJC_ROOT_CLASS = YES_ERROR;
				CLANG_WARN_QUOTED_INCLUDE_IN_FRAMEWORK_HEADER = YES;
				CLANG_WARN_RANGE_LOOP_ANALYSIS = YES;
				CLANG_WARN_STRICT_PROTOTYPES = YES;
				CLANG_WARN_SUSPICIOUS_MOVE = YES;
				CLANG_WARN_UNGUARDED_AVAILABILITY = YES_AGGRESSIVE;
				CLANG_WARN_UNREACHABLE_CODE = YES;
				CLANG_WARN__DUPLICATE_METHOD_MATCH = YES;
				COPY_PHASE_STRIP = NO;
				DEBUG_INFORMATION_FORMAT = "dwarf-with-dsym";
				ENABLE_NS_ASSERTIONS = NO;
				ENABLE_STRICT_OBJC_MSGSEND = YES;
				GCC_C_LANGUAGE_STANDARD = gnu11;
				GCC_NO_COMMON_BLOCKS = YES;
				GCC_WARN_64_TO_32_BIT_CONVERSION = YES;
				GCC_WARN_ABOUT_RETURN_TYPE = YES_ERROR;
				GCC_WARN_UNDECLARED_SELECTOR = YES;
				GCC_WARN_UNINITIALIZED_AUTOS = YES_AGGRESSIVE;
				GCC_WARN_UNUSED_FUNCTION = YES;
				GCC_WARN_UNUSED_VARIABLE = YES;
				IPHONEOS_DEPLOYMENT_TARGET = 15.4;
				MTL_ENABLE_DEBUG_INFO = NO;
				MTL_FAST_MATH = YES;
				SDKROOT = iphoneos;
				SWIFT_COMPILATION_MODE = wholemodule;
				SWIFT_OPTIMIZATION_LEVEL = "-O";
				VALIDATE_PRODUCT = YES;
			};
			name = Release;
		};
		9F69A40D27ED32A8006517E5 /* Debug */ = {
			isa = XCBuildConfiguration;
			baseConfigurationReference = 1C97FB43670A09F0271FF125 /* Pods-final-project.debug.xcconfig */;
			buildSettings = {
				ASSETCATALOG_COMPILER_APPICON_NAME = AppIcon;
				ASSETCATALOG_COMPILER_GLOBAL_ACCENT_COLOR_NAME = AccentColor;
				CODE_SIGN_STYLE = Automatic;
				CURRENT_PROJECT_VERSION = 1;
				DEVELOPMENT_TEAM = 7J45X77JFB;
				GENERATE_INFOPLIST_FILE = YES;
				INFOPLIST_FILE = "final-project/Info.plist";
				INFOPLIST_KEY_UIApplicationSupportsIndirectInputEvents = YES;
				INFOPLIST_KEY_UILaunchStoryboardName = LaunchScreen;
				INFOPLIST_KEY_UISupportedInterfaceOrientations_iPad = "UIInterfaceOrientationPortrait UIInterfaceOrientationPortraitUpsideDown UIInterfaceOrientationLandscapeLeft UIInterfaceOrientationLandscapeRight";
				INFOPLIST_KEY_UISupportedInterfaceOrientations_iPhone = "UIInterfaceOrientationPortrait UIInterfaceOrientationLandscapeLeft UIInterfaceOrientationLandscapeRight";
				IPHONEOS_DEPLOYMENT_TARGET = 13.0;
				LD_RUNPATH_SEARCH_PATHS = (
					"$(inherited)",
					"@executable_path/Frameworks",
				);
				MARKETING_VERSION = 1.0;
				PRODUCT_BUNDLE_IDENTIFIER = "com.finalproject.final-project";
				PRODUCT_NAME = "$(TARGET_NAME)";
				SWIFT_EMIT_LOC_STRINGS = YES;
				SWIFT_VERSION = 5.0;
				TARGETED_DEVICE_FAMILY = 1;
			};
			name = Debug;
		};
		9F69A40E27ED32A8006517E5 /* Release */ = {
			isa = XCBuildConfiguration;
			baseConfigurationReference = FAF3282D7BBB5822420D2B18 /* Pods-final-project.release.xcconfig */;
			buildSettings = {
				ASSETCATALOG_COMPILER_APPICON_NAME = AppIcon;
				ASSETCATALOG_COMPILER_GLOBAL_ACCENT_COLOR_NAME = AccentColor;
				CODE_SIGN_STYLE = Automatic;
				CURRENT_PROJECT_VERSION = 1;
				DEVELOPMENT_TEAM = 7J45X77JFB;
				GENERATE_INFOPLIST_FILE = YES;
				INFOPLIST_FILE = "final-project/Info.plist";
				INFOPLIST_KEY_UIApplicationSupportsIndirectInputEvents = YES;
				INFOPLIST_KEY_UILaunchStoryboardName = LaunchScreen;
				INFOPLIST_KEY_UISupportedInterfaceOrientations_iPad = "UIInterfaceOrientationPortrait UIInterfaceOrientationPortraitUpsideDown UIInterfaceOrientationLandscapeLeft UIInterfaceOrientationLandscapeRight";
				INFOPLIST_KEY_UISupportedInterfaceOrientations_iPhone = "UIInterfaceOrientationPortrait UIInterfaceOrientationLandscapeLeft UIInterfaceOrientationLandscapeRight";
				IPHONEOS_DEPLOYMENT_TARGET = 13.0;
				LD_RUNPATH_SEARCH_PATHS = (
					"$(inherited)",
					"@executable_path/Frameworks",
				);
				MARKETING_VERSION = 1.0;
				PRODUCT_BUNDLE_IDENTIFIER = "com.finalproject.final-project";
				PRODUCT_NAME = "$(TARGET_NAME)";
				SWIFT_EMIT_LOC_STRINGS = YES;
				SWIFT_VERSION = 5.0;
				TARGETED_DEVICE_FAMILY = 1;
			};
			name = Release;
		};
/* End XCBuildConfiguration section */

/* Begin XCConfigurationList section */
		9F69A3F027ED32A6006517E5 /* Build configuration list for PBXProject "final-project" */ = {
			isa = XCConfigurationList;
			buildConfigurations = (
				9F69A40A27ED32A8006517E5 /* Debug */,
				9F69A40B27ED32A8006517E5 /* Release */,
			);
			defaultConfigurationIsVisible = 0;
			defaultConfigurationName = Release;
		};
		9F69A40C27ED32A8006517E5 /* Build configuration list for PBXNativeTarget "final-project" */ = {
			isa = XCConfigurationList;
			buildConfigurations = (
				9F69A40D27ED32A8006517E5 /* Debug */,
				9F69A40E27ED32A8006517E5 /* Release */,
			);
			defaultConfigurationIsVisible = 0;
			defaultConfigurationName = Release;
		};
/* End XCConfigurationList section */

/* Begin XCVersionGroup section */
		9F69A40127ED32A6006517E5 /* final_project.xcdatamodeld */ = {
			isa = XCVersionGroup;
			children = (
				9F69A40227ED32A6006517E5 /* final_project.xcdatamodel */,
			);
			currentVersion = 9F69A40227ED32A6006517E5 /* final_project.xcdatamodel */;
			path = final_project.xcdatamodeld;
			sourceTree = "<group>";
			versionGroupType = wrapper.xcdatamodel;
		};
/* End XCVersionGroup section */
	};
	rootObject = 9F69A3ED27ED32A6006517E5 /* Project object */;
}
